lockfileVersion: '9.0'

settings:
  autoInstallPeers: true
  excludeLinksFromLockfile: false

importers:

  .:
    devDependencies:
      '@capacitor/core':
        specifier: ^7.0.0
        version: 7.6.2
      typescript:
        specifier: ^5.6.3
        version: 5.9.3

packages:

  '@capacitor/core@7.6.2':
    resolution: {integrity: sha512-8HRKEUlYpCOeRec8bCHZwEA4o/E2q5dhHSd0v/Cr6+ume08fZY/gniF+ZCKF+6DO0T/nRaBeNRQn6Up+45J1mg==}

  tslib@2.8.1:
    resolution: {integrity: sha512-oJFu94HQb+KVduSUQL7wnpmqnfmLsOA/nAh6b6EH0wCEoK0/mPeXU6c3wKDV83MkOuHPRHtSXKKU99IBazS/2w==}

  typescript@5.9.3:
    resolution: {integrity: sha512-jl1vZzPDinLr9eUt3J/t7V6FgNEw9QjvBPdysz9KfQDD41fQrC2Y4vKQdiaUpFT4bXlb1RHhLpp8wtm6M5TgSw==}
    engines: {node: '>=14.17'}
    hasBin: true

snapshots:

  '@capacitor/core@7.6.2':
    dependencies:
      tslib: 2.8.1

  tslib@2.8.1: {}

  typescript@5.9.3: {}
